# This file is generated by running "yarn install" inside your project.
# Manual changes might be lost - proceed with caution!

__metadata:
  version: 5
  cacheKey: 8

"@types/node@npm:^16.11.7":
  version: 16.11.7
  resolution: "@types/node@npm:16.11.7::__archiveUrl=https%3A%2F%2Fartifactory.sick.com%3A443%2Fartifactory%2Fapi%2Fnpm%2Fnpm%2F%40types%2Fnode%2F-%2Fnode-16.11.7.tgz"
  checksum: 2706403e6efc4aa40fdce8f0b5d9884d5600c3c8610aedc7fa5e7e298d30366f7e8b7296028d52898dca3edef4c3e827b03bf20952c4780f13fa4e79864f7a86
  languageName: node
  linkType: hard

"ansi-regex@npm:^5.0.1":
  version: 5.0.1
  resolution: "ansi-regex@npm:5.0.1::__archiveUrl=https%3A%2F%2Fartifactory.sick.com%3A443%2Fartifactory%2Fapi%2Fnpm%2Fnpm%2Fansi-regex%2F-%2Fansi-regex-5.0.1.tgz"
  checksum: 2aa4bb54caf2d622f1afdad09441695af2a83aa3fe8b8afa581d205e57ed4261c183c4d3877cee25794443fde5876417d859c108078ab788d6af7e4fe52eb66b
  languageName: node
  linkType: hard

"ansi-styles@npm:^4.0.0":
  version: 4.3.0
  resolution: "ansi-styles@npm:4.3.0::__archiveUrl=https%3A%2F%2Fartifactory.sick.com%3A443%2Fartifactory%2Fapi%2Fnpm%2Fnpm%2Fansi-styles%2F-%2Fansi-styles-4.3.0.tgz"
  dependencies:
    color-convert: ^2.0.1
  checksum: 513b44c3b2105dd14cc42a19271e80f386466c4be574bccf60b627432f9198571ebf4ab1e4c3ba17347658f4ee1711c163d574248c0c1cdc2d5917a0ad582ec4
  languageName: node
  linkType: hard

"blkfree@workspace:.":
  version: 0.0.0-use.local
  resolution: "blkfree@workspace:."
  dependencies:
    "@types/node": ^16.11.7
    prettier: ^2.4.1
    typescript: ^4.4.4
    yargs: ^17.2.1
  languageName: unknown
  linkType: soft

"cliui@npm:^7.0.2":
  version: 7.0.4
  resolution: "cliui@npm:7.0.4::__archiveUrl=https%3A%2F%2Fartifactory.sick.com%3A443%2Fartifactory%2Fapi%2Fnpm%2Fnpm%2Fcliui%2F-%2Fcliui-7.0.4.tgz"
  dependencies:
    string-width: ^4.2.0
    strip-ansi: ^6.0.0
    wrap-ansi: ^7.0.0
  checksum: ce2e8f578a4813806788ac399b9e866297740eecd4ad1823c27fd344d78b22c5f8597d548adbcc46f0573e43e21e751f39446c5a5e804a12aace402b7a315d7f
  languageName: node
  linkType: hard

"color-convert@npm:^2.0.1":
  version: 2.0.1
  resolution: "color-convert@npm:2.0.1::__archiveUrl=https%3A%2F%2Fartifactory.sick.com%3A443%2Fartifactory%2Fapi%2Fnpm%2Fnpm%2Fcolor-convert%2F-%2Fcolor-convert-2.0.1.tgz"
  dependencies:
    color-name: ~1.1.4
  checksum: 79e6bdb9fd479a205c71d89574fccfb22bd9053bd98c6c4d870d65c132e5e904e6034978e55b43d69fcaa7433af2016ee203ce76eeba9cfa554b373e7f7db336
  languageName: node
  linkType: hard

"color-name@npm:~1.1.4":
  version: 1.1.4
  resolution: "color-name@npm:1.1.4::__archiveUrl=https%3A%2F%2Fartifactory.sick.com%3A443%2Fartifactory%2Fapi%2Fnpm%2Fnpm%2Fcolor-name%2F-%2Fcolor-name-1.1.4.tgz"
  checksum: b0445859521eb4021cd0fb0cc1a75cecf67fceecae89b63f62b201cca8d345baf8b952c966862a9d9a2632987d4f6581f0ec8d957dfacece86f0a7919316f610
  languageName: node
  linkType: hard

"emoji-regex@npm:^8.0.0":
  version: 8.0.0
  resolution: "emoji-regex@npm:8.0.0::__archiveUrl=https%3A%2F%2Fartifactory.sick.com%3A443%2Fartifactory%2Fapi%2Fnpm%2Fnpm%2Femoji-regex%2F-%2Femoji-regex-8.0.0.tgz"
  checksum: d4c5c39d5a9868b5fa152f00cada8a936868fd3367f33f71be515ecee4c803132d11b31a6222b2571b1e5f7e13890156a94880345594d0ce7e3c9895f560f192
  languageName: node
  linkType: hard

"escalade@npm:^3.1.1":
  version: 3.1.1
  resolution: "escalade@npm:3.1.1::__archiveUrl=https%3A%2F%2Fartifactory.sick.com%3A443%2Fartifactory%2Fapi%2Fnpm%2Fnpm%2Fescalade%2F-%2Fescalade-3.1.1.tgz"
  checksum: a3e2a99f07acb74b3ad4989c48ca0c3140f69f923e56d0cba0526240ee470b91010f9d39001f2a4a313841d237ede70a729e92125191ba5d21e74b106800b133
  languageName: node
  linkType: hard

"get-caller-file@npm:^2.0.5":
  version: 2.0.5
  resolution: "get-caller-file@npm:2.0.5::__archiveUrl=https%3A%2F%2Fartifactory.sick.com%3A443%2Fartifactory%2Fapi%2Fnpm%2Fnpm%2Fget-caller-file%2F-%2Fget-caller-file-2.0.5.tgz"
  checksum: b9769a836d2a98c3ee734a88ba712e62703f1df31b94b784762c433c27a386dd6029ff55c2a920c392e33657d80191edbf18c61487e198844844516f843496b9
  languageName: node
  linkType: hard

"is-fullwidth-code-point@npm:^3.0.0":
  version: 3.0.0
  resolution: "is-fullwidth-code-point@npm:3.0.0::__archiveUrl=https%3A%2F%2Fartifactory.sick.com%3A443%2Fartifactory%2Fapi%2Fnpm%2Fnpm%2Fis-fullwidth-code-point%2F-%2Fis-fullwidth-code-point-3.0.0.tgz"
  checksum: 44a30c29457c7fb8f00297bce733f0a64cd22eca270f83e58c105e0d015e45c019491a4ab2faef91ab51d4738c670daff901c799f6a700e27f7314029e99e348
  languageName: node
  linkType: hard

"prettier@npm:^2.4.1":
  version: 2.4.1
  resolution: "prettier@npm:2.4.1::__archiveUrl=https%3A%2F%2Fartifactory.sick.com%3A443%2Fartifactory%2Fapi%2Fnpm%2Fnpm%2Fprettier%2F-%2Fprettier-2.4.1.tgz"
  bin:
    prettier: bin-prettier.js
  checksum: cc6830588b401b0d742862fe9c46bc9118204fb307c3abe0e49e95b35ed23629573807ffdf9cdd65289c252a0bb51fc0171437f6626ee36378dea80f0ee80b91
  languageName: node
  linkType: hard

"require-directory@npm:^2.1.1":
  version: 2.1.1
  resolution: "require-directory@npm:2.1.1::__archiveUrl=https%3A%2F%2Fartifactory.sick.com%3A443%2Fartifactory%2Fapi%2Fnpm%2Fnpm%2Frequire-directory%2F-%2Frequire-directory-2.1.1.tgz"
  checksum: fb47e70bf0001fdeabdc0429d431863e9475e7e43ea5f94ad86503d918423c1543361cc5166d713eaa7029dd7a3d34775af04764bebff99ef413111a5af18c80
  languageName: node
  linkType: hard

"string-width@npm:^4.1.0, string-width@npm:^4.2.0":
  version: 4.2.3
  resolution: "string-width@npm:4.2.3::__archiveUrl=https%3A%2F%2Fartifactory.sick.com%3A443%2Fartifactory%2Fapi%2Fnpm%2Fnpm%2Fstring-width%2F-%2Fstring-width-4.2.3.tgz"
  dependencies:
    emoji-regex: ^8.0.0
    is-fullwidth-code-point: ^3.0.0
    strip-ansi: ^6.0.1
  checksum: e52c10dc3fbfcd6c3a15f159f54a90024241d0f149cf8aed2982a2d801d2e64df0bf1dc351cf8e95c3319323f9f220c16e740b06faecd53e2462df1d2b5443fb
  languageName: node
  linkType: hard

"strip-ansi@npm:^6.0.0, strip-ansi@npm:^6.0.1":
  version: 6.0.1
  resolution: "strip-ansi@npm:6.0.1::__archiveUrl=https%3A%2F%2Fartifactory.sick.com%3A443%2Fartifactory%2Fapi%2Fnpm%2Fnpm%2Fstrip-ansi%2F-%2Fstrip-ansi-6.0.1.tgz"
  dependencies:
    ansi-regex: ^5.0.1
  checksum: f3cd25890aef3ba6e1a74e20896c21a46f482e93df4a06567cebf2b57edabb15133f1f94e57434e0a958d61186087b1008e89c94875d019910a213181a14fc8c
  languageName: node
  linkType: hard

"typescript@npm:^4.4.4":
  version: 4.4.4
  resolution: "typescript@npm:4.4.4::__archiveUrl=https%3A%2F%2Fartifactory.sick.com%3A443%2Fartifactory%2Fapi%2Fnpm%2Fnpm%2Ftypescript%2F-%2Ftypescript-4.4.4.tgz"
  bin:
    tsc: bin/tsc
    tsserver: bin/tsserver
  checksum: 89ecb8436bb48ef5594d49289f5f89103071716b6e4844278f4fb3362856e31203e187a9c76d205c3f0b674d221a058fd28310dbcbcf5d95e9a57229bb5203f1
  languageName: node
  linkType: hard

"typescript@patch:typescript@^4.4.4#~builtin<compat/typescript>":
  version: 4.4.4
  resolution: "typescript@patch:typescript@npm%3A4.4.4%3A%3A__archiveUrl=https%253A%252F%252Fartifactory.sick.com%253A443%252Fartifactory%252Fapi%252Fnpm%252Fnpm%252Ftypescript%252F-%252Ftypescript-4.4.4.tgz#~builtin<compat/typescript>::version=4.4.4&hash=ddd1e8"
  bin:
    tsc: bin/tsc
    tsserver: bin/tsserver
  checksum: bd629ad0da4a15d79aaad56baf3ee7d96f6a181760d430ae77f8c5325df7bffd9edee57544a3970e3651e8b796fe03a5838a7eb39c6d46cc3866c0b23d36a0dd
  languageName: node
  linkType: hard

"wrap-ansi@npm:^7.0.0":
  version: 7.0.0
  resolution: "wrap-ansi@npm:7.0.0::__archiveUrl=https%3A%2F%2Fartifactory.sick.com%3A443%2Fartifactory%2Fapi%2Fnpm%2Fnpm%2Fwrap-ansi%2F-%2Fwrap-ansi-7.0.0.tgz"
  dependencies:
    ansi-styles: ^4.0.0
    string-width: ^4.1.0
    strip-ansi: ^6.0.0
  checksum: a790b846fd4505de962ba728a21aaeda189b8ee1c7568ca5e817d85930e06ef8d1689d49dbf0e881e8ef84436af3a88bc49115c2e2788d841ff1b8b5b51a608b
  languageName: node
  linkType: hard

"y18n@npm:^5.0.5":
  version: 5.0.8
  resolution: "y18n@npm:5.0.8::__archiveUrl=https%3A%2F%2Fartifactory.sick.com%3A443%2Fartifactory%2Fapi%2Fnpm%2Fnpm%2Fy18n%2F-%2Fy18n-5.0.8.tgz"
  checksum: 54f0fb95621ee60898a38c572c515659e51cc9d9f787fb109cef6fde4befbe1c4602dc999d30110feee37456ad0f1660fa2edcfde6a9a740f86a290999550d30
  languageName: node
  linkType: hard

"yargs-parser@npm:^20.2.2":
  version: 20.2.9
  resolution: "yargs-parser@npm:20.2.9::__archiveUrl=https%3A%2F%2Fartifactory.sick.com%3A443%2Fartifactory%2Fapi%2Fnpm%2Fnpm%2Fyargs-parser%2F-%2Fyargs-parser-20.2.9.tgz"
  checksum: 8bb69015f2b0ff9e17b2c8e6bfe224ab463dd00ca211eece72a4cd8a906224d2703fb8a326d36fdd0e68701e201b2a60ed7cf81ce0fd9b3799f9fe7745977ae3
  languageName: node
  linkType: hard

"yargs@npm:^17.2.1":
  version: 17.2.1
  resolution: "yargs@npm:17.2.1::__archiveUrl=https%3A%2F%2Fartifactory.sick.com%3A443%2Fartifactory%2Fapi%2Fnpm%2Fnpm%2Fyargs%2F-%2Fyargs-17.2.1.tgz"
  dependencies:
    cliui: ^7.0.2
    escalade: ^3.1.1
    get-caller-file: ^2.0.5
    require-directory: ^2.1.1
    string-width: ^4.2.0
    y18n: ^5.0.5
    yargs-parser: ^20.2.2
  checksum: 451aac46f82da776f436018feed0244bc0e7b4355f7e397bcb53d34c691b177c0d71db3dda9653760e1bc240254d8b763a252ff918ef9e235a8d202e2909c4eb
  languageName: node
  linkType: hard
